
Microsoft Visual Studio Solution File, Format Version 12.00
# Visual Studio Version 16
VisualStudioVersion = 16.0.31729.503
MinimumVisualStudioVersion = 10.0.40219.1
Project("{FAE04EC0-301F-11D3-BF4B-00C04F79EFBC}") = "FizzBuzzWeb", "FizzBuzzWeb\FizzBuzzWeb.csproj", "{BE837560-9D78-4339-B26F-D06368D291E9}"
EndProject
Global
	GlobalSection(SolutionConfigurationPlatforms) = preSolution
		Debug|Any CPU = Debug|Any CPU
		Release|Any CPU = Release|Any CPU
	EndGlobalSection
	GlobalSection(ProjectConfigurationPlatforms) = postSolution
		{BE837560-9D78-4339-B26F-D06368D291E9}.Debug|Any CPU.ActiveCfg = Debug|Any CPU
		{BE837560-9D78-4339-B26F-D06368D291E9}.Debug|Any CPU.Build.0 = Debug|Any CPU
		{BE837560-9D78-4339-B26F-D06368D291E9}.Release|Any CPU.ActiveCfg = Release|Any CPU
		{BE837560-9D78-4339-B26F-D06368D291E9}.Release|Any CPU.Build.0 = Release|Any CPU
	EndGlobalSection
	GlobalSection(SolutionProperties) = preSolution
		HideSolutionNode = FALSE
	EndGlobalSection
	GlobalSection(ExtensibilityGlobals) = postSolution
		SolutionGuid = {63E9018F-3E8E-48B7-B880-B185B663850E}
	EndGlobalSection
EndGlobal
